
Microsoft Visual Studio Solution File, Format Version 12.00
# Visual Studio 2012
Project("{FAE04EC0-301F-11D3-BF4B-00C04F79EFBC}") = "LeakCanary.Watcher", "LeakCanary.Watcher\LeakCanary.Watcher.csproj", "{4D972E44-9613-4E27-A80C-30E549DBA55A}"
EndProject
Project("{FAE04EC0-301F-11D3-BF4B-00C04F79EFBC}") = "LeakCanary.Analyzer", "LeakCanary.Analyzer\LeakCanary.Analyzer.csproj", "{4AFFCA0B-1882-47CF-B04B-AF26C6154777}"
EndProject
Project("{FAE04EC0-301F-11D3-BF4B-00C04F79EFBC}") = "Sample", "Sample\Sample.csproj", "{029FB1CA-FEA2-442D-BBC5-2CB2B55B1318}"
EndProject
Project("{FAE04EC0-301F-11D3-BF4B-00C04F79EFBC}") = "LeakCanary", "LeakCanary\LeakCanary.csproj", "{CA762416-B6FA-4C84-8FB3-A25BF8A2ADB8}"
EndProject
Global
	GlobalSection(SolutionConfigurationPlatforms) = preSolution
		Debug|Any CPU = Debug|Any CPU
		Release|Any CPU = Release|Any CPU
	EndGlobalSection
	GlobalSection(ProjectConfigurationPlatforms) = postSolution
		{4D972E44-9613-4E27-A80C-30E549DBA55A}.Debug|Any CPU.ActiveCfg = Debug|Any CPU
		{4D972E44-9613-4E27-A80C-30E549DBA55A}.Debug|Any CPU.Build.0 = Debug|Any CPU
		{4D972E44-9613-4E27-A80C-30E549DBA55A}.Release|Any CPU.ActiveCfg = Release|Any CPU
		{4D972E44-9613-4E27-A80C-30E549DBA55A}.Release|Any CPU.Build.0 = Release|Any CPU
		{4AFFCA0B-1882-47CF-B04B-AF26C6154777}.Debug|Any CPU.ActiveCfg = Debug|Any CPU
		{4AFFCA0B-1882-47CF-B04B-AF26C6154777}.Debug|Any CPU.Build.0 = Debug|Any CPU
		{4AFFCA0B-1882-47CF-B04B-AF26C6154777}.Release|Any CPU.ActiveCfg = Release|Any CPU
		{4AFFCA0B-1882-47CF-B04B-AF26C6154777}.Release|Any CPU.Build.0 = Release|Any CPU
		{029FB1CA-FEA2-442D-BBC5-2CB2B55B1318}.Debug|Any CPU.ActiveCfg = Debug|Any CPU
		{029FB1CA-FEA2-442D-BBC5-2CB2B55B1318}.Debug|Any CPU.Build.0 = Debug|Any CPU
		{029FB1CA-FEA2-442D-BBC5-2CB2B55B1318}.Release|Any CPU.ActiveCfg = Release|Any CPU
		{029FB1CA-FEA2-442D-BBC5-2CB2B55B1318}.Release|Any CPU.Build.0 = Release|Any CPU
		{CA762416-B6FA-4C84-8FB3-A25BF8A2ADB8}.Debug|Any CPU.ActiveCfg = Debug|Any CPU
		{CA762416-B6FA-4C84-8FB3-A25BF8A2ADB8}.Debug|Any CPU.Build.0 = Debug|Any CPU
		{CA762416-B6FA-4C84-8FB3-A25BF8A2ADB8}.Release|Any CPU.ActiveCfg = Release|Any CPU
		{CA762416-B6FA-4C84-8FB3-A25BF8A2ADB8}.Release|Any CPU.Build.0 = Release|Any CPU
	EndGlobalSection
EndGlobal
